
Microsoft Visual Studio Solution File, Format Version 12.00
# Visual Studio Version 16
VisualStudioVersion = 16.0.31515.178
MinimumVisualStudioVersion = 10.0.40219.1
Project("{FAE04EC0-301F-11D3-BF4B-00C04F79EFBC}") = "DoAn", "DoAn\DoAn.csproj", "{747FC012-DEF7-49B3-94DF-C67F931A9721}"
EndProject
Global
	GlobalSection(SolutionConfigurationPlatforms) = preSolution
		Debug|Any CPU = Debug|Any CPU
		Release|Any CPU = Release|Any CPU
	EndGlobalSection
	GlobalSection(ProjectConfigurationPlatforms) = postSolution
		{747FC012-DEF7-49B3-94DF-C67F931A9721}.Debug|Any CPU.ActiveCfg = Debug|Any CPU
		{747FC012-DEF7-49B3-94DF-C67F931A9721}.Debug|Any CPU.Build.0 = Debug|Any CPU
		{747FC012-DEF7-49B3-94DF-C67F931A9721}.Release|Any CPU.ActiveCfg = Release|Any CPU
		{747FC012-DEF7-49B3-94DF-C67F931A9721}.Release|Any CPU.Build.0 = Release|Any CPU
	EndGlobalSection
	GlobalSection(SolutionProperties) = preSolution
		HideSolutionNode = FALSE
	EndGlobalSection
	GlobalSection(ExtensibilityGlobals) = postSolution
		SolutionGuid = {60BD41F4-6CEE-4B13-9BFA-D89386A1FD46}
	EndGlobalSection
EndGlobal
